github.com/taylormonacelli/coalfoot v0.0.13 h1:WM7taqu2EkL/rYPWJxdcTg+q1fB9GAcYFQ5FH/bvcrQ=
github.com/taylormonacelli/coalfoot v0.0.13/go.mod h1:luRPbHw73AvzAPMDqyTC9VPf/HeqeImFkAVAUs4NZXY=
github.com/taylormonacelli/forestfish v0.0.9 h1:EHEkImUR5X/u7OpOSx4M9t51btRABjz0zz0RNphN8A4=
github.com/taylormonacelli/forestfish v0.0.9/go.mod h1:8Xio8qE+Hc/cthG+dNVLakh5qYHl05Sq5vS8XzU62sA=
github.com/taylormonacelli/goldbug v0.0.6 h1:2NQnMjAfznHkKh8dKPTUHJqnswgqWrcF/NhOnm4TQRI=
github.com/taylormonacelli/goldbug v0.0.6/go.mod h1:RmeCuiI1RYYPob+BPHEZcmp+IVd6EkoHsoRukenJmH0=
golang.org/x/tools v0.38.0 h1:Hx2Xv8hISq8Lm16jvBZ2VQf+RLmbd7wVUsALibYI/IQ=
golang.org/x/tools v0.38.0/go.mod h1:yEsQ/d/YK8cjh0L6rZlY8tgtlKiBNTL14pGDJPJpYQs=
